NeoBundleLock cake.vim 95d246a5e8643fa33ab7d7fe3b1974beea89847b
NeoBundleLock lightline.vim cb85e3a6f831a8e904437e6da69e0aec36065d93
NeoBundleLock neobundle.vim 77fd6c8734420335c5ebe8098d67ac425157c0a4
NeoBundleLock neomru.vim 8aa00e181bb764956a40764ae325a485a93f513a
NeoBundleLock tagbar 7b36c46d17d57db34fdb0adac9ba6382d0bb5e66
NeoBundleLock unite.vim 922b5bf550fa40251227e297869e53224f321046
NeoBundleLock vim-anzu f8ba72aa0c50958a747b7cb3c36be1a26b696b0e
NeoBundleLock vim-colors-solarized 528a59f26d12278698bb946f8fb82a63711eec21
NeoBundleLock vim-fugitive dba8a0705d95cda76d599bb7d09964d67741a5c5
NeoBundleLock vim-tags e75dea76e488d9208ed73c53c46a4abee2695115
NeoBundleLock vimproc.vim c40f7e77e6ff0586ff6951e7cf479b3dc81bb69d
